github.com/mattn/go-gtk v0.0.0-20240119050609-48574e312fac h1:tNm7zRceQAOg9D8vQFq0K9hy49j39+9+7rSjML4YREI=
github.com/mattn/go-gtk v0.0.0-20240119050609-48574e312fac/go.mod h1:PwzwfeB5syFHXORC3MtPylVcjIoTDT/9cvkKpEndGVI=
github.com/mattn/go-pointer v0.0.1 h1:n+XhsuGeVO6MEAp7xyEukFINEa+Quek5psIR/ylA6o0=
github.com/mattn/go-pointer v0.0.1/go.mod h1:2zXcozF6qYGgmsG+SeTZz3oAbFLdD3OWqnUbNvJZAlc=
